
Microsoft Visual Studio Solution File, Format Version 12.00
# Visual Studio Version 17
VisualStudioVersion = 17.4.33213.308
MinimumVisualStudioVersion = 10.0.40219.1
Project("{FAE04EC0-301F-11D3-BF4B-00C04F79EFBC}") = "Namensgebung", "Namensgebung\Namensgebung.csproj", "{75A6C6D0-BEAA-4DED-B255-BF776FD85ECD}"
EndProject
Global
	GlobalSection(SolutionConfigurationPlatforms) = preSolution
		Debug|Any CPU = Debug|Any CPU
		Release|Any CPU = Release|Any CPU
	EndGlobalSection
	GlobalSection(ProjectConfigurationPlatforms) = postSolution
		{75A6C6D0-BEAA-4DED-B255-BF776FD85ECD}.Debug|Any CPU.ActiveCfg = Debug|Any CPU
		{75A6C6D0-BEAA-4DED-B255-BF776FD85ECD}.Debug|Any CPU.Build.0 = Debug|Any CPU
		{75A6C6D0-BEAA-4DED-B255-BF776FD85ECD}.Release|Any CPU.ActiveCfg = Release|Any CPU
		{75A6C6D0-BEAA-4DED-B255-BF776FD85ECD}.Release|Any CPU.Build.0 = Release|Any CPU
	EndGlobalSection
	GlobalSection(SolutionProperties) = preSolution
		HideSolutionNode = FALSE
	EndGlobalSection
	GlobalSection(ExtensibilityGlobals) = postSolution
		SolutionGuid = {BC6E3DDF-021C-4D74-9D27-5BB7B496FC05}
	EndGlobalSection
EndGlobal
