
Microsoft Visual Studio Solution File, Format Version 12.00
# Visual Studio Version 17
VisualStudioVersion = 17.4.33213.308
MinimumVisualStudioVersion = 10.0.40219.1
Project("{FAE04EC0-301F-11D3-BF4B-00C04F79EFBC}") = "Void Methoden", "Void Methoden\Void Methoden.csproj", "{161D964D-D5C8-4ABA-9C55-A642454BC0A7}"
EndProject
Global
	GlobalSection(SolutionConfigurationPlatforms) = preSolution
		Debug|Any CPU = Debug|Any CPU
		Release|Any CPU = Release|Any CPU
	EndGlobalSection
	GlobalSection(ProjectConfigurationPlatforms) = postSolution
		{161D964D-D5C8-4ABA-9C55-A642454BC0A7}.Debug|Any CPU.ActiveCfg = Debug|Any CPU
		{161D964D-D5C8-4ABA-9C55-A642454BC0A7}.Debug|Any CPU.Build.0 = Debug|Any CPU
		{161D964D-D5C8-4ABA-9C55-A642454BC0A7}.Release|Any CPU.ActiveCfg = Release|Any CPU
		{161D964D-D5C8-4ABA-9C55-A642454BC0A7}.Release|Any CPU.Build.0 = Release|Any CPU
	EndGlobalSection
	GlobalSection(SolutionProperties) = preSolution
		HideSolutionNode = FALSE
	EndGlobalSection
	GlobalSection(ExtensibilityGlobals) = postSolution
		SolutionGuid = {6E66D6FD-B147-4A0D-BB05-8ED0337C40E4}
	EndGlobalSection
EndGlobal
