
Microsoft Visual Studio Solution File, Format Version 12.00
# Visual Studio Version 17
VisualStudioVersion = 17.4.33213.308
MinimumVisualStudioVersion = 10.0.40219.1
Project("{FAE04EC0-301F-11D3-BF4B-00C04F79EFBC}") = "Konstanten", "Konstanten\Konstanten.csproj", "{A36F1DDB-5581-45E4-988C-9D26D1CEA14C}"
EndProject
Global
	GlobalSection(SolutionConfigurationPlatforms) = preSolution
		Debug|Any CPU = Debug|Any CPU
		Release|Any CPU = Release|Any CPU
	EndGlobalSection
	GlobalSection(ProjectConfigurationPlatforms) = postSolution
		{A36F1DDB-5581-45E4-988C-9D26D1CEA14C}.Debug|Any CPU.ActiveCfg = Debug|Any CPU
		{A36F1DDB-5581-45E4-988C-9D26D1CEA14C}.Debug|Any CPU.Build.0 = Debug|Any CPU
		{A36F1DDB-5581-45E4-988C-9D26D1CEA14C}.Release|Any CPU.ActiveCfg = Release|Any CPU
		{A36F1DDB-5581-45E4-988C-9D26D1CEA14C}.Release|Any CPU.Build.0 = Release|Any CPU
	EndGlobalSection
	GlobalSection(SolutionProperties) = preSolution
		HideSolutionNode = FALSE
	EndGlobalSection
	GlobalSection(ExtensibilityGlobals) = postSolution
		SolutionGuid = {C075403F-F3CE-4146-88CC-BDDECFA694EA}
	EndGlobalSection
EndGlobal
